
Microsoft Visual Studio Solution File, Format Version 12.00
# Visual Studio Version 17
VisualStudioVersion = 17.13.35825.156
MinimumVisualStudioVersion = 10.0.40219.1
Project("{8BC9CEB8-8B4A-11D0-8D11-00A0C91BC942}") = "ChatClient", "ChatClient\ChatClient.vcxproj", "{24B6F912-F8FC-45E5-A503-0DD6712EE19B}"
	ProjectSection(ProjectDependencies) = postProject
		{2A2B9ED8-4EAD-4997-A183-3ACABC1D89A4} = {2A2B9ED8-4EAD-4997-A183-3ACABC1D89A4}
	EndProjectSection
EndProject
Project("{8BC9CEB8-8B4A-11D0-8D11-00A0C91BC942}") = "ChatServer", "ChatServer\ChatServer.vcxproj", "{538654B3-BB82-4141-A4CC-02237F95B7F6}"
	ProjectSection(ProjectDependencies) = postProject
		{2A2B9ED8-4EAD-4997-A183-3ACABC1D89A4} = {2A2B9ED8-4EAD-4997-A183-3ACABC1D89A4}
	EndProjectSection
EndProject
Project("{8BC9CEB8-8B4A-11D0-8D11-00A0C91BC942}") = "TestNamkaoTalk", "TestNamkaoTalk\TestNamkaoTalk.vcxproj", "{6F658D4E-D622-444B-A9FD-3063E948348C}"
EndProject
Project("{8BC9CEB8-8B4A-11D0-8D11-00A0C91BC942}") = "ChatLibrary", "ChatLibrary\ChatLibrary.vcxproj", "{2A2B9ED8-4EAD-4997-A183-3ACABC1D89A4}"
EndProject
Global
	GlobalSection(SolutionConfigurationPlatforms) = preSolution
		Debug|x64 = Debug|x64
		Debug|x86 = Debug|x86
		Release|x64 = Release|x64
		Release|x86 = Release|x86
	EndGlobalSection
	GlobalSection(ProjectConfigurationPlatforms) = postSolution
		{24B6F912-F8FC-45E5-A503-0DD6712EE19B}.Debug|x64.ActiveCfg = Debug|x64
		{24B6F912-F8FC-45E5-A503-0DD6712EE19B}.Debug|x64.Build.0 = Debug|x64
		{24B6F912-F8FC-45E5-A503-0DD6712EE19B}.Debug|x86.ActiveCfg = Debug|Win32
		{24B6F912-F8FC-45E5-A503-0DD6712EE19B}.Debug|x86.Build.0 = Debug|Win32
		{24B6F912-F8FC-45E5-A503-0DD6712EE19B}.Release|x64.ActiveCfg = Release|x64
		{24B6F912-F8FC-45E5-A503-0DD6712EE19B}.Release|x64.Build.0 = Release|x64
		{24B6F912-F8FC-45E5-A503-0DD6712EE19B}.Release|x86.ActiveCfg = Release|Win32
		{24B6F912-F8FC-45E5-A503-0DD6712EE19B}.Release|x86.Build.0 = Release|Win32
		{538654B3-BB82-4141-A4CC-02237F95B7F6}.Debug|x64.ActiveCfg = Debug|x64
		{538654B3-BB82-4141-A4CC-02237F95B7F6}.Debug|x64.Build.0 = Debug|x64
		{538654B3-BB82-4141-A4CC-02237F95B7F6}.Debug|x86.ActiveCfg = Debug|Win32
		{538654B3-BB82-4141-A4CC-02237F95B7F6}.Debug|x86.Build.0 = Debug|Win32
		{538654B3-BB82-4141-A4CC-02237F95B7F6}.Release|x64.ActiveCfg = Release|x64
		{538654B3-BB82-4141-A4CC-02237F95B7F6}.Release|x64.Build.0 = Release|x64
		{538654B3-BB82-4141-A4CC-02237F95B7F6}.Release|x86.ActiveCfg = Release|Win32
		{538654B3-BB82-4141-A4CC-02237F95B7F6}.Release|x86.Build.0 = Release|Win32
		{6F658D4E-D622-444B-A9FD-3063E948348C}.Debug|x64.ActiveCfg = Debug|x64
		{6F658D4E-D622-444B-A9FD-3063E948348C}.Debug|x64.Build.0 = Debug|x64
		{6F658D4E-D622-444B-A9FD-3063E948348C}.Debug|x86.ActiveCfg = Debug|Win32
		{6F658D4E-D622-444B-A9FD-3063E948348C}.Debug|x86.Build.0 = Debug|Win32
		{6F658D4E-D622-444B-A9FD-3063E948348C}.Release|x64.ActiveCfg = Release|x64
		{6F658D4E-D622-444B-A9FD-3063E948348C}.Release|x64.Build.0 = Release|x64
		{6F658D4E-D622-444B-A9FD-3063E948348C}.Release|x86.ActiveCfg = Release|Win32
		{6F658D4E-D622-444B-A9FD-3063E948348C}.Release|x86.Build.0 = Release|Win32
		{2A2B9ED8-4EAD-4997-A183-3ACABC1D89A4}.Debug|x64.ActiveCfg = Debug|x64
		{2A2B9ED8-4EAD-4997-A183-3ACABC1D89A4}.Debug|x64.Build.0 = Debug|x64
		{2A2B9ED8-4EAD-4997-A183-3ACABC1D89A4}.Debug|x86.ActiveCfg = Debug|Win32
		{2A2B9ED8-4EAD-4997-A183-3ACABC1D89A4}.Debug|x86.Build.0 = Debug|Win32
		{2A2B9ED8-4EAD-4997-A183-3ACABC1D89A4}.Release|x64.ActiveCfg = Release|x64
		{2A2B9ED8-4EAD-4997-A183-3ACABC1D89A4}.Release|x64.Build.0 = Release|x64
		{2A2B9ED8-4EAD-4997-A183-3ACABC1D89A4}.Release|x86.ActiveCfg = Release|Win32
		{2A2B9ED8-4EAD-4997-A183-3ACABC1D89A4}.Release|x86.Build.0 = Release|Win32
	EndGlobalSection
	GlobalSection(SolutionProperties) = preSolution
		HideSolutionNode = FALSE
	EndGlobalSection
	GlobalSection(ExtensibilityGlobals) = postSolution
		SolutionGuid = {C2AFC750-E2C8-4FFF-8294-B37CA9FF891E}
	EndGlobalSection
EndGlobal
